<?xml version="1.0" encoding="utf-8"?>
<Project ToolsVersion="4.0" xmlns="http://schemas.microsoft.com/developer/msbuild/2003">
  <ItemGroup>
    <Filter Include="头文件">
      <UniqueIdentifier>{93995380-89BD-4b04-88EB-625FBE52EBFB}</UniqueIdentifier>
      <Extensions>h;hh;hpp;hxx;h++;hm;inl;inc;ipp;xsd</Extensions>
    </Filter>
    <Filter Include="资源文件">
      <UniqueIdentifier>{67DA6AB6-F800-4c08-8B7A-83BB121AAD01}</UniqueIdentifier>
      <Extensions>rc;ico;cur;bmp;dlg;rc2;rct;bin;rgs;gif;jpg;jpeg;jpe;resx;tiff;tif;png;wav;mfcribbon-ms</Extensions>
    </Filter>
  </ItemGroup>
  <ItemGroup>
    <ClInclude Include="header\Component\Transform\Transform.h">
      <Filter>头文件</Filter>
    </ClInclude>
    <ClInclude Include="header\core\Component.h">
      <Filter>头文件</Filter>
    </ClInclude>
    <ClInclude Include="header\core\GameObject.h">
      <Filter>头文件</Filter>
    </ClInclude>
    <ClInclude Include="header\core\Global.h">
      <Filter>头文件</Filter>
    </ClInclude>
    <ClInclude Include="header\core\LifeTime.h">
      <Filter>头文件</Filter>
    </ClInclude>
    <ClInclude Include="header\core\LoadThread.h">
      <Filter>头文件</Filter>
    </ClInclude>
    <ClInclude Include="header\core\Object.h">
      <Filter>头文件</Filter>
    </ClInclude>
    <ClInclude Include="header\core\ObjectFactory.h">
      <Filter>头文件</Filter>
    </ClInclude>
    <ClInclude Include="header\Graphic\Creator\GlfwWindowCreator.h">
      <Filter>头文件</Filter>
    </ClInclude>
    <ClInclude Include="header\Graphic\Creator\VulkanInstanceCreator.h">
      <Filter>头文件</Filter>
    </ClInclude>
    <ClInclude Include="header\utils\ChildBrotherTree.h">
      <Filter>头文件</Filter>
    </ClInclude>
    <ClInclude Include="header\utils\Thread.h">
      <Filter>头文件</Filter>
    </ClInclude>
    <ClInclude Include="header\Graphic\GraphicThread.h">
      <Filter>头文件</Filter>
    </ClInclude>
    <ClInclude Include="header\Graphic\Creator\VulkanDeviceCreator.h">
      <Filter>头文件</Filter>
    </ClInclude>
    <ClInclude Include="header\Graphic\GlobalSetting.h">
      <Filter>头文件</Filter>
    </ClInclude>
    <ClInclude Include="header\Graphic\Asset\Texture2D.h">
      <Filter>头文件</Filter>
    </ClInclude>
    <ClInclude Include="header\utils\ThreadPool.h">
      <Filter>头文件</Filter>
    </ClInclude>
    <ClInclude Include="header\core\SubLoadThread.h">
      <Filter>头文件</Filter>
    </ClInclude>
    <ClInclude Include="header\Graphic\CommandBuffer.h">
      <Filter>头文件</Filter>
    </ClInclude>
    <ClInclude Include="header\Graphic\CommandPool.h">
      <Filter>头文件</Filter>
    </ClInclude>
    <ClInclude Include="header\Graphic\DescriptorSetUtils.h">
      <Filter>头文件</Filter>
    </ClInclude>
    <ClInclude Include="header\core\AssetUtils.h">
      <Filter>头文件</Filter>
    </ClInclude>
    <ClInclude Include="header\Graphic\Manager\MemoryManager.h">
      <Filter>头文件</Filter>
    </ClInclude>
    <ClInclude Include="header\Graphic\GlobalInstance.h">
      <Filter>头文件</Filter>
    </ClInclude>
    <ClInclude Include="header\Graphic\Asset\Mesh.h">
      <Filter>头文件</Filter>
    </ClInclude>
    <ClInclude Include="header\utils\spirv_reflect.h">
      <Filter>头文件</Filter>
    </ClInclude>
    <ClInclude Include="header\Graphic\Asset\Shader.h">
      <Filter>头文件</Filter>
    </ClInclude>
    <ClInclude Include="header\Graphic\RenderPassUtils.h">
      <Filter>头文件</Filter>
    </ClInclude>
    <ClInclude Include="header\Graphic\Material.h">
      <Filter>头文件</Filter>
    </ClInclude>
    <ClInclude Include="header\Graphic\Instance\Buffer.h">
      <Filter>头文件</Filter>
    </ClInclude>
    <ClInclude Include="header\Graphic\FrameBufferUtils.h">
      <Filter>头文件</Filter>
    </ClInclude>
    <ClInclude Include="header\utils\Log.h">
      <Filter>头文件</Filter>
    </ClInclude>
    <ClInclude Include="header\Graphic\Instance\Semaphore.h">
      <Filter>头文件</Filter>
    </ClInclude>
    <ClInclude Include="header\Graphic\Instance\Memory.h">
      <Filter>头文件</Filter>
    </ClInclude>
  </ItemGroup>
  <ItemGroup>
    <ClCompile Include="source\Component\Transform\Transform.cpp" />
    <ClCompile Include="source\core\Component.cpp" />
    <ClCompile Include="source\core\GameObject.cpp" />
    <ClCompile Include="source\core\Global.cpp" />
    <ClCompile Include="source\core\LifeTime.cpp" />
    <ClCompile Include="source\core\LoadThread.cpp" />
    <ClCompile Include="source\core\Objecct.cpp" />
    <ClCompile Include="source\core\ObjectFactory.cpp" />
    <ClCompile Include="source\Graphic\Creator\GlfwWindowCreator.cpp" />
    <ClCompile Include="source\utils\ChildBrotherTree.cpp" />
    <ClCompile Include="source\utils\Thread.cpp" />
    <ClCompile Include="main.cpp" />
    <ClCompile Include="source\Graphic\GraphicThread.cpp" />
    <ClCompile Include="source\Graphic\Creator\VulkanDeviceCreator.cpp" />
    <ClCompile Include="source\Graphic\Creator\VulkanInstanceCreator.cpp" />
    <ClCompile Include="source\Graphic\GlobalSetting.cpp" />
    <ClCompile Include="source\utils\ThreadPool.cpp" />
    <ClCompile Include="source\core\SubLoadThread.cpp" />
    <ClCompile Include="source\Graphic\CommandBuffer.cpp" />
    <ClCompile Include="source\Graphic\CommandPool.cpp" />
    <ClCompile Include="source\Graphic\DescriptorSetUtils.cpp" />
    <ClCompile Include="source\core\AssetUtils.cpp" />
    <ClCompile Include="source\Graphic\Manager\MemoryManager.cpp" />
    <ClCompile Include="source\Graphic\GlobalInstance.cpp" />
    <ClCompile Include="source\Graphic\Asset\Texture2D.cpp" />
    <ClCompile Include="source\Graphic\Asset\Mesh.cpp" />
    <ClCompile Include="source\utils\spirv_reflect.cpp" />
    <ClCompile Include="source\Graphic\RenderPassUtils.cpp" />
    <ClCompile Include="source\Graphic\Material.cpp" />
    <ClCompile Include="source\Graphic\Instance\Buffer.cpp" />
    <ClCompile Include="source\Graphic\FrameBufferUtils.cpp" />
    <ClCompile Include="source\utils\Log.cpp" />
    <ClCompile Include="source\Graphic\Instance\Semaphore.cpp" />
    <ClCompile Include="source\Graphic\Asset\Shader.cpp" />
    <ClCompile Include="source\Graphic\Instance\Memory.cpp" />
  </ItemGroup>
</Project>